{
  "originHash" : "bfbc408e87f57d231e996e7f67cd3d255df912eef5b48dda2b862bd80d351925",
  "pins" : [
    {
      "identity" : "realtimekit-ios-core",
      "kind" : "remoteSourceControl",
      "location" : "https://github.com/cloudflare/realtimekit-ios-core.git",
      "state" : {
        "revision" : "572d0f4a4b4dd174d69cd9d9d12383cb894d60d6",
        "version" : "2.1.0"
      }
    }
  ],
  "version" : 3
}
